
Microsoft Visual Studio Solution File, Format Version 12.00
# Visual Studio Version 17
VisualStudioVersion = 17.5.002.0
MinimumVisualStudioVersion = 10.0.40219.1
Project("{9A19103F-16F7-4668-BE54-9A1E7A4F7556}") = "WEB-API-In-Dot-Net-Mac", "WEB-API-In-Dot-Net-Mac.csproj", "{18797BAE-57ED-4685-B1F8-74965F9B5A5F}"
EndProject
Global
	GlobalSection(SolutionConfigurationPlatforms) = preSolution
		Debug|Any CPU = Debug|Any CPU
		Release|Any CPU = Release|Any CPU
	EndGlobalSection
	GlobalSection(ProjectConfigurationPlatforms) = postSolution
		{18797BAE-57ED-4685-B1F8-74965F9B5A5F}.Debug|Any CPU.ActiveCfg = Debug|Any CPU
		{18797BAE-57ED-4685-B1F8-74965F9B5A5F}.Debug|Any CPU.Build.0 = Debug|Any CPU
		{18797BAE-57ED-4685-B1F8-74965F9B5A5F}.Release|Any CPU.ActiveCfg = Release|Any CPU
		{18797BAE-57ED-4685-B1F8-74965F9B5A5F}.Release|Any CPU.Build.0 = Release|Any CPU
	EndGlobalSection
	GlobalSection(SolutionProperties) = preSolution
		HideSolutionNode = FALSE
	EndGlobalSection
	GlobalSection(ExtensibilityGlobals) = postSolution
		SolutionGuid = {86C83D6D-134F-42E5-AEA2-35228F2194E9}
	EndGlobalSection
EndGlobal
